
Microsoft Visual Studio Solution File, Format Version 12.00
# Visual Studio Version 16
VisualStudioVersion = 16.0.32228.343
MinimumVisualStudioVersion = 10.0.40219.1
Project("{FAE04EC0-301F-11D3-BF4B-00C04F79EFBC}") = "Lab02", "Lab02.csproj", "{35442945-C05E-4E8D-A422-66124E3E8C75}"
EndProject
Global
	GlobalSection(SolutionConfigurationPlatforms) = preSolution
		Debug|Any CPU = Debug|Any CPU
		Release|Any CPU = Release|Any CPU
	EndGlobalSection
	GlobalSection(ProjectConfigurationPlatforms) = postSolution
		{35442945-C05E-4E8D-A422-66124E3E8C75}.Debug|Any CPU.ActiveCfg = Debug|Any CPU
		{35442945-C05E-4E8D-A422-66124E3E8C75}.Debug|Any CPU.Build.0 = Debug|Any CPU
		{35442945-C05E-4E8D-A422-66124E3E8C75}.Release|Any CPU.ActiveCfg = Release|Any CPU
		{35442945-C05E-4E8D-A422-66124E3E8C75}.Release|Any CPU.Build.0 = Release|Any CPU
	EndGlobalSection
	GlobalSection(SolutionProperties) = preSolution
		HideSolutionNode = FALSE
	EndGlobalSection
	GlobalSection(ExtensibilityGlobals) = postSolution
		SolutionGuid = {1D5083B8-B230-4359-9419-263D5F0C97EB}
	EndGlobalSection
EndGlobal
